
Microsoft Visual Studio Solution File, Format Version 12.00
# Visual Studio Version 17
VisualStudioVersion = 17.5.33627.172
MinimumVisualStudioVersion = 10.0.40219.1
Project("{2150E333-8FDC-42A3-9474-1A3956D46DE8}") = "FrontEnd", "FrontEnd", "{2932A490-5162-44F3-94DC-10D83F0C6DCB}"
EndProject
Project("{2150E333-8FDC-42A3-9474-1A3956D46DE8}") = "Services", "Services", "{35336C48-5182-446A-A056-6AD966A83445}"
EndProject
Project("{FAE04EC0-301F-11D3-BF4B-00C04F79EFBC}") = "GeekShopping.Web", "GeekShopping.Web\GeekShopping.Web.csproj", "{C430FBD3-D4B4-496F-852C-665EBC2FF399}"
EndProject
Project("{FAE04EC0-301F-11D3-BF4B-00C04F79EFBC}") = "GeekShopping.ProductAPI", "GeekShopping.ProductAPI\GeekShopping.ProductAPI.csproj", "{03385557-55ED-478E-BA34-0E1F1D62369C}"
EndProject
Global
	GlobalSection(SolutionConfigurationPlatforms) = preSolution
		Debug|Any CPU = Debug|Any CPU
		Release|Any CPU = Release|Any CPU
	EndGlobalSection
	GlobalSection(ProjectConfigurationPlatforms) = postSolution
		{C430FBD3-D4B4-496F-852C-665EBC2FF399}.Debug|Any CPU.ActiveCfg = Debug|Any CPU
		{C430FBD3-D4B4-496F-852C-665EBC2FF399}.Debug|Any CPU.Build.0 = Debug|Any CPU
		{C430FBD3-D4B4-496F-852C-665EBC2FF399}.Release|Any CPU.ActiveCfg = Release|Any CPU
		{C430FBD3-D4B4-496F-852C-665EBC2FF399}.Release|Any CPU.Build.0 = Release|Any CPU
		{03385557-55ED-478E-BA34-0E1F1D62369C}.Debug|Any CPU.ActiveCfg = Debug|Any CPU
		{03385557-55ED-478E-BA34-0E1F1D62369C}.Debug|Any CPU.Build.0 = Debug|Any CPU
		{03385557-55ED-478E-BA34-0E1F1D62369C}.Release|Any CPU.ActiveCfg = Release|Any CPU
		{03385557-55ED-478E-BA34-0E1F1D62369C}.Release|Any CPU.Build.0 = Release|Any CPU
	EndGlobalSection
	GlobalSection(SolutionProperties) = preSolution
		HideSolutionNode = FALSE
	EndGlobalSection
	GlobalSection(NestedProjects) = preSolution
		{C430FBD3-D4B4-496F-852C-665EBC2FF399} = {2932A490-5162-44F3-94DC-10D83F0C6DCB}
		{03385557-55ED-478E-BA34-0E1F1D62369C} = {35336C48-5182-446A-A056-6AD966A83445}
	EndGlobalSection
	GlobalSection(ExtensibilityGlobals) = postSolution
		SolutionGuid = {1106512F-77EB-40B7-B64A-E68EA556DAD3}
	EndGlobalSection
EndGlobal
